
Microsoft Visual Studio Solution File, Format Version 12.00
# Visual Studio 14
VisualStudioVersion = 14.0.25420.1
MinimumVisualStudioVersion = 10.0.40219.1
Project("{FAE04EC0-301F-11D3-BF4B-00C04F79EFBC}") = "bet365", "bet365.csproj", "{F3B602B1-C560-400E-B851-37759966398A}"
EndProject
Project("{FAE04EC0-301F-11D3-BF4B-00C04F79EFBC}") = "football", "football\football.csproj", "{DD1F1F0E-9DAF-4BF2-BB8C-685E3A280F57}"
EndProject
Global
	GlobalSection(SolutionConfigurationPlatforms) = preSolution
		Debug|Any CPU = Debug|Any CPU
		Debug|x86 = Debug|x86
		Release|Any CPU = Release|Any CPU
		Release|x86 = Release|x86
	EndGlobalSection
	GlobalSection(ProjectConfigurationPlatforms) = postSolution
		{F3B602B1-C560-400E-B851-37759966398A}.Debug|Any CPU.ActiveCfg = Debug|x86
		{F3B602B1-C560-400E-B851-37759966398A}.Debug|x86.ActiveCfg = Debug|x86
		{F3B602B1-C560-400E-B851-37759966398A}.Debug|x86.Build.0 = Debug|x86
		{F3B602B1-C560-400E-B851-37759966398A}.Release|Any CPU.ActiveCfg = Release|x86
		{F3B602B1-C560-400E-B851-37759966398A}.Release|x86.ActiveCfg = Release|x86
		{F3B602B1-C560-400E-B851-37759966398A}.Release|x86.Build.0 = Release|x86
		{DD1F1F0E-9DAF-4BF2-BB8C-685E3A280F57}.Debug|Any CPU.ActiveCfg = Debug|Any CPU
		{DD1F1F0E-9DAF-4BF2-BB8C-685E3A280F57}.Debug|Any CPU.Build.0 = Debug|Any CPU
		{DD1F1F0E-9DAF-4BF2-BB8C-685E3A280F57}.Debug|x86.ActiveCfg = Debug|Any CPU
		{DD1F1F0E-9DAF-4BF2-BB8C-685E3A280F57}.Debug|x86.Build.0 = Debug|Any CPU
		{DD1F1F0E-9DAF-4BF2-BB8C-685E3A280F57}.Release|Any CPU.ActiveCfg = Release|Any CPU
		{DD1F1F0E-9DAF-4BF2-BB8C-685E3A280F57}.Release|Any CPU.Build.0 = Release|Any CPU
		{DD1F1F0E-9DAF-4BF2-BB8C-685E3A280F57}.Release|x86.ActiveCfg = Release|Any CPU
		{DD1F1F0E-9DAF-4BF2-BB8C-685E3A280F57}.Release|x86.Build.0 = Release|Any CPU
	EndGlobalSection
	GlobalSection(SolutionProperties) = preSolution
		HideSolutionNode = FALSE
	EndGlobalSection
EndGlobal
